
Microsoft Visual Studio Solution File, Format Version 12.00
# Visual Studio Version 16
VisualStudioVersion = 16.0.30611.23
MinimumVisualStudioVersion = 10.0.40219.1
Project("{FAE04EC0-301F-11D3-BF4B-00C04F79EFBC}") = "MedicineAPI", "MedicineAPI\MedicineAPI.csproj", "{2447BDF4-C2BD-431F-A376-BE46ED11DBF1}"
EndProject
Project("{2150E333-8FDC-42A3-9474-1A3956D46DE8}") = "test", "test", "{F7F0806C-6137-4A16-9F9B-0A1E0F4C9F9D}"
EndProject
Project("{FAE04EC0-301F-11D3-BF4B-00C04F79EFBC}") = "MedicineAPI.Test", "MedicineAPI.Test\MedicineAPI.Test.csproj", "{7DA3BDC0-ACCE-4B16-889C-0A8E50C16326}"
EndProject
Global
	GlobalSection(SolutionConfigurationPlatforms) = preSolution
		Debug|Any CPU = Debug|Any CPU
		Release|Any CPU = Release|Any CPU
	EndGlobalSection
	GlobalSection(ProjectConfigurationPlatforms) = postSolution
		{2447BDF4-C2BD-431F-A376-BE46ED11DBF1}.Debug|Any CPU.ActiveCfg = Debug|Any CPU
		{2447BDF4-C2BD-431F-A376-BE46ED11DBF1}.Debug|Any CPU.Build.0 = Debug|Any CPU
		{2447BDF4-C2BD-431F-A376-BE46ED11DBF1}.Release|Any CPU.ActiveCfg = Release|Any CPU
		{2447BDF4-C2BD-431F-A376-BE46ED11DBF1}.Release|Any CPU.Build.0 = Release|Any CPU
		{7DA3BDC0-ACCE-4B16-889C-0A8E50C16326}.Debug|Any CPU.ActiveCfg = Debug|Any CPU
		{7DA3BDC0-ACCE-4B16-889C-0A8E50C16326}.Debug|Any CPU.Build.0 = Debug|Any CPU
		{7DA3BDC0-ACCE-4B16-889C-0A8E50C16326}.Release|Any CPU.ActiveCfg = Release|Any CPU
		{7DA3BDC0-ACCE-4B16-889C-0A8E50C16326}.Release|Any CPU.Build.0 = Release|Any CPU
	EndGlobalSection
	GlobalSection(SolutionProperties) = preSolution
		HideSolutionNode = FALSE
	EndGlobalSection
	GlobalSection(NestedProjects) = preSolution
		{7DA3BDC0-ACCE-4B16-889C-0A8E50C16326} = {F7F0806C-6137-4A16-9F9B-0A1E0F4C9F9D}
	EndGlobalSection
	GlobalSection(ExtensibilityGlobals) = postSolution
		SolutionGuid = {F0496C51-D2EC-488D-9298-DEFFAFC9AC1C}
	EndGlobalSection
EndGlobal
